{
  "name": "el-select-v2",
  "version": "1.0.7",
  "lockfileVersion": 3,
  "requires": true,
  "packages": {
    "": {
      "name": "el-select-v2",
      "version": "1.0.7",
      "license": "ISC",
      "dependencies": {
        "element-ui": "^2.15.14",
        "lodash": "^4.17.21",
        "vue": "^2.7.16",
        "vue-virtual-scroller": "^1.1.2"
      }
    },
    "node_modules/@babel/parser": {
      "version": "7.24.1",
      "resolved": "https://registry.npmjs.org/@babel/parser/-/parser-7.24.1.tgz",
      "integrity": "sha512-Zo9c7N3xdOIQrNip7Lc9wvRPzlRtovHVE4lkz8WEDr7uYh/GMQhSiIgFxGIArRHYdJE5kxtZjAf8rT0xhdLCzg==",
      "bin": {
        "parser": "bin/babel-parser.js"
      },
      "engines": {
        "node": ">=6.0.0"
      }
    },
    "node_modules/@vue/compiler-sfc": {
      "version": "2.7.16",
      "resolved": "https://registry.npmjs.org/@vue/compiler-sfc/-/compiler-sfc-2.7.16.tgz",
      "integrity": "sha512-KWhJ9k5nXuNtygPU7+t1rX6baZeqOYLEforUPjgNDBnLicfHCoi48H87Q8XyLZOrNNsmhuwKqtpDQWjEFe6Ekg==",
      "dependencies": {
        "@babel/parser": "^7.23.5",
        "postcss": "^8.4.14",
        "source-map": "^0.6.1"
      },
      "optionalDependencies": {
        "prettier": "^1.18.2 || ^2.0.0"
      }
    },
    "node_modules/async-validator": {
      "version": "1.8.5",
      "resolved": "https://registry.npmmirror.com/async-validator/-/async-validator-1.8.5.tgz",
      "integrity": "sha512-tXBM+1m056MAX0E8TL2iCjg8WvSyXu0Zc8LNtYqrVeyoL3+esHRZ4SieE9fKQyyU09uONjnMEjrNBMqT0mbvmA==",
      "dependencies": {
        "babel-runtime": "6.x"
      }
    },
    "node_modules/babel-helper-vue-jsx-merge-props": {
      "version": "2.0.3",
      "resolved": "https://registry.npmmirror.com/babel-helper-vue-jsx-merge-props/-/babel-helper-vue-jsx-merge-props-2.0.3.tgz",
      "integrity": "sha512-gsLiKK7Qrb7zYJNgiXKpXblxbV5ffSwR0f5whkPAaBAR4fhi6bwRZxX9wBlIc5M/v8CCkXUbXZL4N/nSE97cqg=="
    },
    "node_modules/babel-runtime": {
      "version": "6.26.0",
      "resolved": "https://registry.npmmirror.com/babel-runtime/-/babel-runtime-6.26.0.tgz",
      "integrity": "sha512-ITKNuq2wKlW1fJg9sSW52eepoYgZBggvOAHC0u/CYu/qxQ9EVzThCgR69BnSXLHjy2f7SY5zaQ4yt7H9ZVxY2g==",
      "dependencies": {
        "core-js": "^2.4.0",
        "regenerator-runtime": "^0.11.0"
      }
    },
    "node_modules/core-js": {
      "version": "2.6.12",
      "resolved": "https://registry.npmmirror.com/core-js/-/core-js-2.6.12.tgz",
      "integrity": "sha512-Kb2wC0fvsWfQrgk8HU5lW6U/Lcs8+9aaYcy4ZFc6DDlo4nZ7n70dEgE5rtR0oG6ufKDUnrwfWL1mXR5ljDatrQ==",
      "deprecated": "core-js@<3.23.3 is no longer maintained and not recommended for usage due to the number of issues. Because of the V8 engine whims, feature detection in old core-js versions could cause a slowdown up to 100x even if nothing is polyfilled. Some versions have web compatibility issues. Please, upgrade your dependencies to the actual version of core-js.",
      "hasInstallScript": true
    },
    "node_modules/csstype": {
      "version": "3.1.2",
      "resolved": "https://registry.npmmirror.com/csstype/-/csstype-3.1.2.tgz",
      "integrity": "sha512-I7K1Uu0MBPzaFKg4nI5Q7Vs2t+3gWWW648spaF+Rg7pI9ds18Ugn+lvg4SHczUdKlHI5LWBXyqfS8+DufyBsgQ=="
    },
    "node_modules/deepmerge": {
      "version": "1.5.2",
      "resolved": "https://registry.npmmirror.com/deepmerge/-/deepmerge-1.5.2.tgz",
      "integrity": "sha512-95k0GDqvBjZavkuvzx/YqVLv/6YYa17fz6ILMSf7neqQITCPbnfEnQvEgMPNjH4kgobe7+WIL0yJEHku+H3qtQ==",
      "engines": {
        "node": ">=0.10.0"
      }
    },
    "node_modules/element-ui": {
      "version": "2.15.14",
      "resolved": "https://registry.npmjs.org/element-ui/-/element-ui-2.15.14.tgz",
      "integrity": "sha512-2v9fHL0ZGINotOlRIAJD5YuVB8V7WKxrE9Qy7dXhRipa035+kF7WuU/z+tEmLVPBcJ0zt8mOu1DKpWcVzBK8IA==",
      "dependencies": {
        "async-validator": "~1.8.1",
        "babel-helper-vue-jsx-merge-props": "^2.0.0",
        "deepmerge": "^1.2.0",
        "normalize-wheel": "^1.0.1",
        "resize-observer-polyfill": "^1.5.0",
        "throttle-debounce": "^1.0.1"
      },
      "peerDependencies": {
        "vue": "^2.5.17"
      }
    },
    "node_modules/lodash": {
      "version": "4.17.21",
      "resolved": "https://registry.npmjs.org/lodash/-/lodash-4.17.21.tgz",
      "integrity": "sha512-v2kDEe57lecTulaDIuNTPy3Ry4gLGJ6Z1O3vE1krgXZNrsQ+LFTGHVxVjcXPs17LhbZVGedAJv8XZ1tvj5FvSg=="
    },
    "node_modules/nanoid": {
      "version": "3.3.7",
      "resolved": "https://registry.npmjs.org/nanoid/-/nanoid-3.3.7.tgz",
      "integrity": "sha512-eSRppjcPIatRIMC1U6UngP8XFcz8MQWGQdt1MTBQ7NaAmvXDfvNxbvWV3x2y6CdEUciCSsDHDQZbhYaB8QEo2g==",
      "funding": [
        {
          "type": "github",
          "url": "https://github.com/sponsors/ai"
        }
      ],
      "bin": {
        "nanoid": "bin/nanoid.cjs"
      },
      "engines": {
        "node": "^10 || ^12 || ^13.7 || ^14 || >=15.0.1"
      }
    },
    "node_modules/normalize-wheel": {
      "version": "1.0.1",
      "resolved": "https://registry.npmmirror.com/normalize-wheel/-/normalize-wheel-1.0.1.tgz",
      "integrity": "sha512-1OnlAPZ3zgrk8B91HyRj+eVv+kS5u+Z0SCsak6Xil/kmgEia50ga7zfkumayonZrImffAxPU/5WcyGhzetHNPA=="
    },
    "node_modules/picocolors": {
      "version": "1.0.0",
      "resolved": "https://registry.npmjs.org/picocolors/-/picocolors-1.0.0.tgz",
      "integrity": "sha512-1fygroTLlHu66zi26VoTDv8yRgm0Fccecssto+MhsZ0D/DGW2sm8E8AjW7NU5VVTRt5GxbeZ5qBuJr+HyLYkjQ=="
    },
    "node_modules/postcss": {
      "version": "8.4.38",
      "resolved": "https://registry.npmjs.org/postcss/-/postcss-8.4.38.tgz",
      "integrity": "sha512-Wglpdk03BSfXkHoQa3b/oulrotAkwrlLDRSOb9D0bN86FdRyE9lppSp33aHNPgBa0JKCoB+drFLZkQoRRYae5A==",
      "funding": [
        {
          "type": "opencollective",
          "url": "https://opencollective.com/postcss/"
        },
        {
          "type": "tidelift",
          "url": "https://tidelift.com/funding/github/npm/postcss"
        },
        {
          "type": "github",
          "url": "https://github.com/sponsors/ai"
        }
      ],
      "dependencies": {
        "nanoid": "^3.3.7",
        "picocolors": "^1.0.0",
        "source-map-js": "^1.2.0"
      },
      "engines": {
        "node": "^10 || ^12 || >=14"
      }
    },
    "node_modules/prettier": {
      "version": "2.8.8",
      "resolved": "https://registry.npmjs.org/prettier/-/prettier-2.8.8.tgz",
      "integrity": "sha512-tdN8qQGvNjw4CHbY+XXk0JgCXn9QiF21a55rBe5LJAU+kDyC4WQn4+awm2Xfk2lQMk5fKup9XgzTZtGkjBdP9Q==",
      "optional": true,
      "bin": {
        "prettier": "bin-prettier.js"
      },
      "engines": {
        "node": ">=10.13.0"
      },
      "funding": {
        "url": "https://github.com/prettier/prettier?sponsor=1"
      }
    },
    "node_modules/regenerator-runtime": {
      "version": "0.11.1",
      "resolved": "https://registry.npmmirror.com/regenerator-runtime/-/regenerator-runtime-0.11.1.tgz",
      "integrity": "sha512-MguG95oij0fC3QV3URf4V2SDYGJhJnJGqvIIgdECeODCT98wSWDAJ94SSuVpYQUoTcGUIL6L4yNB7j1DFFHSBg=="
    },
    "node_modules/resize-observer-polyfill": {
      "version": "1.5.1",
      "resolved": "https://registry.npmmirror.com/resize-observer-polyfill/-/resize-observer-polyfill-1.5.1.tgz",
      "integrity": "sha512-LwZrotdHOo12nQuZlHEmtuXdqGoOD0OhaxopaNFxWzInpEgaLWoVuAMbTzixuosCx2nEG58ngzW3vxdWoxIgdg=="
    },
    "node_modules/scrollparent": {
      "version": "2.1.0",
      "resolved": "https://registry.npmjs.org/scrollparent/-/scrollparent-2.1.0.tgz",
      "integrity": "sha512-bnnvJL28/Rtz/kz2+4wpBjHzWoEzXhVg/TE8BeVGJHUqE8THNIRnDxDWMktwM+qahvlRdvlLdsQfYe+cuqfZeA=="
    },
    "node_modules/source-map": {
      "version": "0.6.1",
      "resolved": "https://registry.npmjs.org/source-map/-/source-map-0.6.1.tgz",
      "integrity": "sha512-UjgapumWlbMhkBgzT7Ykc5YXUT46F0iKu8SGXq0bcwP5dz/h0Plj6enJqjz1Zbq2l5WaqYnrVbwWOWMyF3F47g==",
      "engines": {
        "node": ">=0.10.0"
      }
    },
    "node_modules/source-map-js": {
      "version": "1.2.0",
      "resolved": "https://registry.npmjs.org/source-map-js/-/source-map-js-1.2.0.tgz",
      "integrity": "sha512-itJW8lvSA0TXEphiRoawsCksnlf8SyvmFzIhltqAHluXd88pkCd+cXJVHTDwdCr0IzwptSm035IHQktUu1QUMg==",
      "engines": {
        "node": ">=0.10.0"
      }
    },
    "node_modules/throttle-debounce": {
      "version": "1.1.0",
      "resolved": "https://registry.npmmirror.com/throttle-debounce/-/throttle-debounce-1.1.0.tgz",
      "integrity": "sha512-XH8UiPCQcWNuk2LYePibW/4qL97+ZQ1AN3FNXwZRBNPPowo/NRU5fAlDCSNBJIYCKbioZfuYtMhG4quqoJhVzg==",
      "engines": {
        "node": ">=4"
      }
    },
    "node_modules/vue": {
      "version": "2.7.16",
      "resolved": "https://registry.npmjs.org/vue/-/vue-2.7.16.tgz",
      "integrity": "sha512-4gCtFXaAA3zYZdTp5s4Hl2sozuySsgz4jy1EnpBHNfpMa9dK1ZCG7viqBPCwXtmgc8nHqUsAu3G4gtmXkkY3Sw==",
      "deprecated": "Vue 2 has reached EOL and is no longer actively maintained. See https://v2.vuejs.org/eol/ for more details.",
      "dependencies": {
        "@vue/compiler-sfc": "2.7.16",
        "csstype": "^3.1.0"
      }
    },
    "node_modules/vue-observe-visibility": {
      "version": "0.4.6",
      "resolved": "https://registry.npmjs.org/vue-observe-visibility/-/vue-observe-visibility-0.4.6.tgz",
      "integrity": "sha512-xo0CEVdkjSjhJoDdLSvoZoQrw/H2BlzB5jrCBKGZNXN2zdZgMuZ9BKrxXDjNP2AxlcCoKc8OahI3F3r3JGLv2Q=="
    },
    "node_modules/vue-resize": {
      "version": "0.4.5",
      "resolved": "https://registry.npmjs.org/vue-resize/-/vue-resize-0.4.5.tgz",
      "integrity": "sha512-bhP7MlgJQ8TIkZJXAfDf78uJO+mEI3CaLABLjv0WNzr4CcGRGPIAItyWYnP6LsPA4Oq0WE+suidNs6dgpO4RHg==",
      "peerDependencies": {
        "vue": "^2.3.0"
      }
    },
    "node_modules/vue-virtual-scroller": {
      "version": "1.1.2",
      "resolved": "https://registry.npmjs.org/vue-virtual-scroller/-/vue-virtual-scroller-1.1.2.tgz",
      "integrity": "sha512-SkUyc7QHCJFB5h1Fya7LxVizlVzOZZuFVipBGHYoTK8dwLs08bIz/tclvRApYhksaJIm/nn51inzO2UjpGJPMQ==",
      "dependencies": {
        "scrollparent": "^2.0.1",
        "vue-observe-visibility": "^0.4.4",
        "vue-resize": "^0.4.5"
      },
      "peerDependencies": {
        "vue": "^2.6.11"
      }
    }
  }
}
